
Microsoft Visual Studio Solution File, Format Version 12.00
# Visual Studio Version 16
VisualStudioVersion = 16.0.31112.23
MinimumVisualStudioVersion = 10.0.40219.1
Project("{9A19103F-16F7-4668-BE54-9A1E7A4F7556}") = "Pizzeria", "Pizzeria\Pizzeria.csproj", "{C9A80251-7CC3-4177-BAB9-3F90D8C7A136}"
EndProject
Project("{FAE04EC0-301F-11D3-BF4B-00C04F79EFBC}") = "Pizzeria.UnitTests", "Pizzeria.UnitTests\Pizzeria.UnitTests.csproj", "{D6A6609B-6992-460D-8DF0-41B36AEBFA81}"
EndProject
Global
	GlobalSection(SolutionConfigurationPlatforms) = preSolution
		Debug|Any CPU = Debug|Any CPU
		Release|Any CPU = Release|Any CPU
	EndGlobalSection
	GlobalSection(ProjectConfigurationPlatforms) = postSolution
		{C9A80251-7CC3-4177-BAB9-3F90D8C7A136}.Debug|Any CPU.ActiveCfg = Debug|Any CPU
		{C9A80251-7CC3-4177-BAB9-3F90D8C7A136}.Debug|Any CPU.Build.0 = Debug|Any CPU
		{C9A80251-7CC3-4177-BAB9-3F90D8C7A136}.Release|Any CPU.ActiveCfg = Release|Any CPU
		{C9A80251-7CC3-4177-BAB9-3F90D8C7A136}.Release|Any CPU.Build.0 = Release|Any CPU
		{D6A6609B-6992-460D-8DF0-41B36AEBFA81}.Debug|Any CPU.ActiveCfg = Debug|Any CPU
		{D6A6609B-6992-460D-8DF0-41B36AEBFA81}.Debug|Any CPU.Build.0 = Debug|Any CPU
		{D6A6609B-6992-460D-8DF0-41B36AEBFA81}.Release|Any CPU.ActiveCfg = Release|Any CPU
		{D6A6609B-6992-460D-8DF0-41B36AEBFA81}.Release|Any CPU.Build.0 = Release|Any CPU
	EndGlobalSection
	GlobalSection(SolutionProperties) = preSolution
		HideSolutionNode = FALSE
	EndGlobalSection
	GlobalSection(ExtensibilityGlobals) = postSolution
		SolutionGuid = {42F5B495-E78F-4355-B387-BD0A18ECEEBB}
	EndGlobalSection
EndGlobal
